
Microsoft Visual Studio Solution File, Format Version 12.00
# Visual Studio Version 17
VisualStudioVersion = 17.4.33213.308
MinimumVisualStudioVersion = 10.0.40219.1
Project("{9A19103F-16F7-4668-BE54-9A1E7A4F7556}") = "WukkaManCleaning-API", "WukkaManCleaning-API.csproj", "{311424D4-246D-4021-9DA3-AFECEF790DB9}"
EndProject
Project("{9A19103F-16F7-4668-BE54-9A1E7A4F7556}") = "WukkaMan-Interface", "..\WukkaMan-Interface\WukkaMan-Interface.csproj", "{05569012-083B-4E2D-8662-F4B2D0002934}"
EndProject
Global
	GlobalSection(SolutionConfigurationPlatforms) = preSolution
		Debug|Any CPU = Debug|Any CPU
		Release|Any CPU = Release|Any CPU
	EndGlobalSection
	GlobalSection(ProjectConfigurationPlatforms) = postSolution
		{311424D4-246D-4021-9DA3-AFECEF790DB9}.Debug|Any CPU.ActiveCfg = Debug|Any CPU
		{311424D4-246D-4021-9DA3-AFECEF790DB9}.Debug|Any CPU.Build.0 = Debug|Any CPU
		{311424D4-246D-4021-9DA3-AFECEF790DB9}.Release|Any CPU.ActiveCfg = Release|Any CPU
		{311424D4-246D-4021-9DA3-AFECEF790DB9}.Release|Any CPU.Build.0 = Release|Any CPU
		{05569012-083B-4E2D-8662-F4B2D0002934}.Debug|Any CPU.ActiveCfg = Debug|Any CPU
		{05569012-083B-4E2D-8662-F4B2D0002934}.Debug|Any CPU.Build.0 = Debug|Any CPU
		{05569012-083B-4E2D-8662-F4B2D0002934}.Release|Any CPU.ActiveCfg = Release|Any CPU
		{05569012-083B-4E2D-8662-F4B2D0002934}.Release|Any CPU.Build.0 = Release|Any CPU
	EndGlobalSection
	GlobalSection(SolutionProperties) = preSolution
		HideSolutionNode = FALSE
	EndGlobalSection
	GlobalSection(ExtensibilityGlobals) = postSolution
		SolutionGuid = {7E231AC9-3883-46C5-AF7E-BFAA7E38D018}
	EndGlobalSection
EndGlobal
